# This file was autogenerated by Stack.
# You should not edit this file by hand.
# For more information, please see the documentation at:
#   https://docs.haskellstack.org/en/stable/lock_files

packages:
- completed:
    hackage: easyplot-1.0@sha256:3fec6ccf425b370ab668eb342bc4cd92777880653e27a982db7b225fd007cb2b,1936
    pantry-tree:
      sha256: a5de94b54a51732bf70a601fca8c905fe074ecf870ea573db36d53a3bbb282f4
      size: 219
  original:
    hackage: easyplot-1.0@sha256:3fec6ccf425b370ab668eb342bc4cd92777880653e27a982db7b225fd007cb2b,1936
- completed:
    hackage: Euterpea-2.0.7@sha256:a885d2f3e82680284a85822d1f1b0e39ae44afbd50e61bf92e38ddbc7694b3b9,2683
    pantry-tree:
      sha256: d4f6ff20ae6767c97dbc13d6b1ed7ec2ba946a509541da8f39b8a1e5a7f42511
      size: 1603
  original:
    hackage: Euterpea-2.0.7@sha256:a885d2f3e82680284a85822d1f1b0e39ae44afbd50e61bf92e38ddbc7694b3b9,2683
- completed:
    hackage: PortMidi-0.2.0.0@sha256:0671e36ec72e95138bf396234b205864a8a6d0ee353e09e01cbfd57004c56f40,2383
    pantry-tree:
      sha256: c9936666afc390560319024c25ecb184e2518ae4d3be5ae14081231091c1f073
      size: 1818
  original:
    hackage: PortMidi-0.2.0.0@sha256:0671e36ec72e95138bf396234b205864a8a6d0ee353e09e01cbfd57004c56f40,2383
snapshots:
- completed:
    sha256: 9a74d76d250a455d9cd11e74f157e087787fa9aa3c4264e69c94703d1e71aede
    size: 619200
    url: https://raw.githubusercontent.com/commercialhaskell/stackage-snapshots/master/lts/19/30.yaml
  original:
    url: https://raw.githubusercontent.com/commercialhaskell/stackage-snapshots/master/lts/19/30.yaml
